
Microsoft Visual Studio Solution File, Format Version 12.00
# Visual Studio Version 17
VisualStudioVersion = 17.14.36915.13 d17.14
MinimumVisualStudioVersion = 10.0.40219.1
Project("{FAE04EC0-301F-11D3-BF4B-00C04F79EFBC}") = "UP_New", "UP_New.csproj", "{FE117CF7-1122-45B3-ACF4-2997494B4C44}"
EndProject
Global
	GlobalSection(SolutionConfigurationPlatforms) = preSolution
		Debug|Any CPU = Debug|Any CPU
		Release|Any CPU = Release|Any CPU
	EndGlobalSection
	GlobalSection(ProjectConfigurationPlatforms) = postSolution
		{FE117CF7-1122-45B3-ACF4-2997494B4C44}.Debug|Any CPU.ActiveCfg = Debug|Any CPU
		{FE117CF7-1122-45B3-ACF4-2997494B4C44}.Debug|Any CPU.Build.0 = Debug|Any CPU
		{FE117CF7-1122-45B3-ACF4-2997494B4C44}.Release|Any CPU.ActiveCfg = Release|Any CPU
		{FE117CF7-1122-45B3-ACF4-2997494B4C44}.Release|Any CPU.Build.0 = Release|Any CPU
	EndGlobalSection
	GlobalSection(SolutionProperties) = preSolution
		HideSolutionNode = FALSE
	EndGlobalSection
	GlobalSection(ExtensibilityGlobals) = postSolution
		SolutionGuid = {2A9F6E0F-1E0A-4271-AB62-7AE6C4768706}
	EndGlobalSection
EndGlobal
